
Microsoft Visual Studio Solution File, Format Version 12.00
# Visual Studio 14
VisualStudioVersion = 14.0.25123.0
MinimumVisualStudioVersion = 10.0.40219.1
Project("{FAE04EC0-301F-11D3-BF4B-00C04F79EFBC}") = "WcfSecureService", "WcfSecureService\WcfSecureService.csproj", "{247AE012-F91D-4656-8195-CE6244D2C848}"
EndProject
Project("{FAE04EC0-301F-11D3-BF4B-00C04F79EFBC}") = "WcfSecureService.Client", "WcfSecureService.Client\WcfSecureService.Client.csproj", "{D8566A31-F8CE-46F1-A067-4689CEBDDC59}"
EndProject
Global
	GlobalSection(SolutionConfigurationPlatforms) = preSolution
		Debug|Any CPU = Debug|Any CPU
		Release|Any CPU = Release|Any CPU
	EndGlobalSection
	GlobalSection(ProjectConfigurationPlatforms) = postSolution
		{247AE012-F91D-4656-8195-CE6244D2C848}.Debug|Any CPU.ActiveCfg = Debug|Any CPU
		{247AE012-F91D-4656-8195-CE6244D2C848}.Debug|Any CPU.Build.0 = Debug|Any CPU
		{247AE012-F91D-4656-8195-CE6244D2C848}.Release|Any CPU.ActiveCfg = Release|Any CPU
		{247AE012-F91D-4656-8195-CE6244D2C848}.Release|Any CPU.Build.0 = Release|Any CPU
		{D8566A31-F8CE-46F1-A067-4689CEBDDC59}.Debug|Any CPU.ActiveCfg = Debug|Any CPU
		{D8566A31-F8CE-46F1-A067-4689CEBDDC59}.Debug|Any CPU.Build.0 = Debug|Any CPU
		{D8566A31-F8CE-46F1-A067-4689CEBDDC59}.Release|Any CPU.ActiveCfg = Release|Any CPU
		{D8566A31-F8CE-46F1-A067-4689CEBDDC59}.Release|Any CPU.Build.0 = Release|Any CPU
	EndGlobalSection
	GlobalSection(SolutionProperties) = preSolution
		HideSolutionNode = FALSE
	EndGlobalSection
EndGlobal
